// !$*UTF8*$!
{
	archiveVersion = 1;
	classes = {
	};
	objectVersion = 56;
	objects = {

/* Begin PBXBuildFile section */
		173B67002A7F501A00B9928F /* IQKeyboardManagerSwift in Frameworks */ = {isa = PBXBuildFile; productRef = 173B66FF2A7F501A00B9928F /* IQKeyboardManagerSwift */; };
		17BE43702A7CCF420072FEA7 /* AppDelegate.swift in Sources */ = {isa = PBXBuildFile; fileRef = 17BE436F2A7CCF420072FEA7 /* AppDelegate.swift */; };
		17BE43722A7CCF420072FEA7 /* SceneDelegate.swift in Sources */ = {isa = PBXBuildFile; fileRef = 17BE43712A7CCF420072FEA7 /* SceneDelegate.swift */; };
		17BE43772A7CCF420072FEA7 /* Main.storyboard in Resources */ = {isa = PBXBuildFile; fileRef = 17BE43752A7CCF420072FEA7 /* Main.storyboard */; };
		17BE43792A7CCF430072FEA7 /* Assets.xcassets in Resources */ = {isa = PBXBuildFile; fileRef = 17BE43782A7CCF430072FEA7 /* Assets.xcassets */; };
		17BE437C2A7CCF430072FEA7 /* LaunchScreen.storyboard in Resources */ = {isa = PBXBuildFile; fileRef = 17BE437A2A7CCF430072FEA7 /* LaunchScreen.storyboard */; };
		17BE43842A7CDD2F0072FEA7 /* SelectTamagotchiViewController.swift in Sources */ = {isa = PBXBuildFile; fileRef = 17BE43832A7CDD2F0072FEA7 /* SelectTamagotchiViewController.swift */; };
		17BE43872A7CDDC90072FEA7 /* TamagotchiCollectionViewCell.swift in Sources */ = {isa = PBXBuildFile; fileRef = 17BE43852A7CDDC90072FEA7 /* TamagotchiCollectionViewCell.swift */; };
		17BE43882A7CDDC90072FEA7 /* TamagotchiCollectionViewCell.xib in Resources */ = {isa = PBXBuildFile; fileRef = 17BE43862A7CDDC90072FEA7 /* TamagotchiCollectionViewCell.xib */; };
		17BE438A2A7CE2850072FEA7 /* Protocol.swift in Sources */ = {isa = PBXBuildFile; fileRef = 17BE43892A7CE2850072FEA7 /* Protocol.swift */; };
		17BE438C2A7CE37B0072FEA7 /* TamagotchiModel.swift in Sources */ = {isa = PBXBuildFile; fileRef = 17BE438B2A7CE37B0072FEA7 /* TamagotchiModel.swift */; };
		17BE43942A7CEC5A0072FEA7 /* AssetSingleton.swift in Sources */ = {isa = PBXBuildFile; fileRef = 17BE43932A7CEC5A0072FEA7 /* AssetSingleton.swift */; };
		17BE439E2A7D198E0072FEA7 /* MainViewController.swift in Sources */ = {isa = PBXBuildFile; fileRef = 17BE439D2A7D198E0072FEA7 /* MainViewController.swift */; };
		17BE43A32A7D30730072FEA7 /* SettingViewController.swift in Sources */ = {isa = PBXBuildFile; fileRef = 17BE43A22A7D30730072FEA7 /* SettingViewController.swift */; };
		17BE43A62A7D31C20072FEA7 /* SettingTableViewCell.swift in Sources */ = {isa = PBXBuildFile; fileRef = 17BE43A42A7D31C20072FEA7 /* SettingTableViewCell.swift */; };
		17BE43A72A7D31C20072FEA7 /* SettingTableViewCell.xib in Resources */ = {isa = PBXBuildFile; fileRef = 17BE43A52A7D31C20072FEA7 /* SettingTableViewCell.xib */; };
		17BE43A92A7D343E0072FEA7 /* SettingModel.swift in Sources */ = {isa = PBXBuildFile; fileRef = 17BE43A82A7D343E0072FEA7 /* SettingModel.swift */; };
		17BE43AB2A7E08600072FEA7 /* ChangeUserNameViewController.swift in Sources */ = {isa = PBXBuildFile; fileRef = 17BE43AA2A7E08600072FEA7 /* ChangeUserNameViewController.swift */; };
		17BE43AD2A7E6C020072FEA7 /* SelectTamagochiMode.swift in Sources */ = {isa = PBXBuildFile; fileRef = 17BE43AC2A7E6C020072FEA7 /* SelectTamagochiMode.swift */; };
		17BE43B12A7F20550072FEA7 /* Test.swift in Sources */ = {isa = PBXBuildFile; fileRef = 17BE43B02A7F20550072FEA7 /* Test.swift */; };
		17DD8A8F2A80E7EA000E77AC /* PopUpViewController.swift in Sources */ = {isa = PBXBuildFile; fileRef = 17DD8A8E2A80E7EA000E77AC /* PopUpViewController.swift */; };
/* End PBXBuildFile section */

/* Begin PBXFileReference section */
		17BE436C2A7CCF420072FEA7 /* Recap.app */ = {isa = PBXFileReference; explicitFileType = wrapper.application; includeInIndex = 0; path = Recap.app; sourceTree = BUILT_PRODUCTS_DIR; };
		17BE436F2A7CCF420072FEA7 /* AppDelegate.swift */ = {isa = PBXFileReference; lastKnownFileType = sourcecode.swift; path = AppDelegate.swift; sourceTree = "<group>"; };
		17BE43712A7CCF420072FEA7 /* SceneDelegate.swift */ = {isa = PBXFileReference; lastKnownFileType = sourcecode.swift; path = SceneDelegate.swift; sourceTree = "<group>"; };
		17BE43762A7CCF420072FEA7 /* Base */ = {isa = PBXFileReference; lastKnownFileType = file.storyboard; name = Base; path = Base.lproj/Main.storyboard; sourceTree = "<group>"; };
		17BE43782A7CCF430072FEA7 /* Assets.xcassets */ = {isa = PBXFileReference; lastKnownFileType = folder.assetcatalog; path = Assets.xcassets; sourceTree = "<group>"; };
		17BE437B2A7CCF430072FEA7 /* Base */ = {isa = PBXFileReference; lastKnownFileType = file.storyboard; name = Base; path = Base.lproj/LaunchScreen.storyboard; sourceTree = "<group>"; };
		17BE437D2A7CCF430072FEA7 /* Info.plist */ = {isa = PBXFileReference; lastKnownFileType = text.plist.xml; path = Info.plist; sourceTree = "<group>"; };
		17BE43832A7CDD2F0072FEA7 /* SelectTamagotchiViewController.swift */ = {isa = PBXFileReference; lastKnownFileType = sourcecode.swift; path = SelectTamagotchiViewController.swift; sourceTree = "<group>"; };
		17BE43852A7CDDC90072FEA7 /* TamagotchiCollectionViewCell.swift */ = {isa = PBXFileReference; lastKnownFileType = sourcecode.swift; path = TamagotchiCollectionViewCell.swift; sourceTree = "<group>"; };
		17BE43862A7CDDC90072FEA7 /* TamagotchiCollectionViewCell.xib */ = {isa = PBXFileReference; lastKnownFileType = file.xib; path = TamagotchiCollectionViewCell.xib; sourceTree = "<group>"; };
		17BE43892A7CE2850072FEA7 /* Protocol.swift */ = {isa = PBXFileReference; lastKnownFileType = sourcecode.swift; path = Protocol.swift; sourceTree = "<group>"; };
		17BE438B2A7CE37B0072FEA7 /* TamagotchiModel.swift */ = {isa = PBXFileReference; lastKnownFileType = sourcecode.swift; path = TamagotchiModel.swift; sourceTree = "<group>"; };
		17BE43932A7CEC5A0072FEA7 /* AssetSingleton.swift */ = {isa = PBXFileReference; lastKnownFileType = sourcecode.swift; path = AssetSingleton.swift; sourceTree = SOURCE_ROOT; };
		17BE439D2A7D198E0072FEA7 /* MainViewController.swift */ = {isa = PBXFileReference; lastKnownFileType = sourcecode.swift; name = MainViewController.swift; path = Recap/MainViewController.swift; sourceTree = SOURCE_ROOT; };
		17BE43A22A7D30730072FEA7 /* SettingViewController.swift */ = {isa = PBXFileReference; lastKnownFileType = sourcecode.swift; path = SettingViewController.swift; sourceTree = SOURCE_ROOT; };
		17BE43A42A7D31C20072FEA7 /* SettingTableViewCell.swift */ = {isa = PBXFileReference; lastKnownFileType = sourcecode.swift; path = SettingTableViewCell.swift; sourceTree = SOURCE_ROOT; };
		17BE43A52A7D31C20072FEA7 /* SettingTableViewCell.xib */ = {isa = PBXFileReference; lastKnownFileType = file.xib; name = SettingTableViewCell.xib; path = Recap/XIB/SettingTableViewCell.xib; sourceTree = SOURCE_ROOT; };
		17BE43A82A7D343E0072FEA7 /* SettingModel.swift */ = {isa = PBXFileReference; lastKnownFileType = sourcecode.swift; path = SettingModel.swift; sourceTree = "<group>"; };
		17BE43AA2A7E08600072FEA7 /* ChangeUserNameViewController.swift */ = {isa = PBXFileReference; lastKnownFileType = sourcecode.swift; path = ChangeUserNameViewController.swift; sourceTree = "<group>"; };
		17BE43AC2A7E6C020072FEA7 /* SelectTamagochiMode.swift */ = {isa = PBXFileReference; lastKnownFileType = sourcecode.swift; path = SelectTamagochiMode.swift; sourceTree = "<group>"; };
		17BE43B02A7F20550072FEA7 /* Test.swift */ = {isa = PBXFileReference; lastKnownFileType = sourcecode.swift; path = Test.swift; sourceTree = SOURCE_ROOT; };
		17DD8A8E2A80E7EA000E77AC /* PopUpViewController.swift */ = {isa = PBXFileReference; lastKnownFileType = sourcecode.swift; path = PopUpViewController.swift; sourceTree = "<group>"; };
/* End PBXFileReference section */

/* Begin PBXFrameworksBuildPhase section */
		17BE43692A7CCF420072FEA7 /* Frameworks */ = {
			isa = PBXFrameworksBuildPhase;
			buildActionMask = 2147483647;
			files = (
				173B67002A7F501A00B9928F /* IQKeyboardManagerSwift in Frameworks */,
			);
			runOnlyForDeploymentPostprocessing = 0;
		};
/* End PBXFrameworksBuildPhase section */

/* Begin PBXGroup section */
		17BE43632A7CCF420072FEA7 = {
			isa = PBXGroup;
			children = (
				17BE436E2A7CCF420072FEA7 /* Recap */,
				17BE436D2A7CCF420072FEA7 /* Products */,
			);
			sourceTree = "<group>";
		};
		17BE436D2A7CCF420072FEA7 /* Products */ = {
			isa = PBXGroup;
			children = (
				17BE436C2A7CCF420072FEA7 /* Recap.app */,
			);
			name = Products;
			sourceTree = "<group>";
		};
		17BE436E2A7CCF420072FEA7 /* Recap */ = {
			isa = PBXGroup;
			children = (
				17BE43B02A7F20550072FEA7 /* Test.swift */,
				17BE43A42A7D31C20072FEA7 /* SettingTableViewCell.swift */,
				17BE43A22A7D30730072FEA7 /* SettingViewController.swift */,
				17BE43AC2A7E6C020072FEA7 /* SelectTamagochiMode.swift */,
				17BE436F2A7CCF420072FEA7 /* AppDelegate.swift */,
				17BE43712A7CCF420072FEA7 /* SceneDelegate.swift */,
				17BE43752A7CCF420072FEA7 /* Main.storyboard */,
				17BE43AA2A7E08600072FEA7 /* ChangeUserNameViewController.swift */,
				17BE43932A7CEC5A0072FEA7 /* AssetSingleton.swift */,
				17BE43962A7CEE8B0072FEA7 /* VC */,
				17BE43952A7CEE840072FEA7 /* Cell */,
				17BE43922A7CE8F20072FEA7 /* Model */,
				17BE43972A7CEE910072FEA7 /* XIB */,
				17BE43982A7CEEA30072FEA7 /* Protocol */,
				17BE43782A7CCF430072FEA7 /* Assets.xcassets */,
				17BE437A2A7CCF430072FEA7 /* LaunchScreen.storyboard */,
				17BE437D2A7CCF430072FEA7 /* Info.plist */,
				17DD8A8E2A80E7EA000E77AC /* PopUpViewController.swift */,
			);
			path = Recap;
			sourceTree = "<group>";
		};
		17BE43922A7CE8F20072FEA7 /* Model */ = {
			isa = PBXGroup;
			children = (
				17BE438B2A7CE37B0072FEA7 /* TamagotchiModel.swift */,
				17BE43A82A7D343E0072FEA7 /* SettingModel.swift */,
			);
			path = Model;
			sourceTree = "<group>";
		};
		17BE43952A7CEE840072FEA7 /* Cell */ = {
			isa = PBXGroup;
			children = (
				17BE43A12A7D28660072FEA7 /* New Group */,
				17BE43852A7CDDC90072FEA7 /* TamagotchiCollectionViewCell.swift */,
			);
			path = Cell;
			sourceTree = "<group>";
		};
		17BE43962A7CEE8B0072FEA7 /* VC */ = {
			isa = PBXGroup;
			children = (
				17BE439D2A7D198E0072FEA7 /* MainViewController.swift */,
				17BE43832A7CDD2F0072FEA7 /* SelectTamagotchiViewController.swift */,
			);
			path = VC;
			sourceTree = "<group>";
		};
		17BE43972A7CEE910072FEA7 /* XIB */ = {
			isa = PBXGroup;
			children = (
				17BE43A52A7D31C20072FEA7 /* SettingTableViewCell.xib */,
				17BE43862A7CDDC90072FEA7 /* TamagotchiCollectionViewCell.xib */,
			);
			path = XIB;
			sourceTree = "<group>";
		};
		17BE43982A7CEEA30072FEA7 /* Protocol */ = {
			isa = PBXGroup;
			children = (
				17BE43892A7CE2850072FEA7 /* Protocol.swift */,
			);
			path = Protocol;
			sourceTree = "<group>";
		};
		17BE43A12A7D28660072FEA7 /* New Group */ = {
			isa = PBXGroup;
			children = (
			);
			name = "New Group";
			sourceTree = "<group>";
		};
/* End PBXGroup section */

/* Begin PBXNativeTarget section */
		17BE436B2A7CCF420072FEA7 /* Recap */ = {
			isa = PBXNativeTarget;
			buildConfigurationList = 17BE43802A7CCF430072FEA7 /* Build configuration list for PBXNativeTarget "Recap" */;
			buildPhases = (
				17BE43682A7CCF420072FEA7 /* Sources */,
				17BE43692A7CCF420072FEA7 /* Frameworks */,
				17BE436A2A7CCF420072FEA7 /* Resources */,
			);
			buildRules = (
			);
			dependencies = (
				17BE43912A7CE62A0072FEA7 /* PBXTargetDependency */,
			);
			name = Recap;
			packageProductDependencies = (
				173B66FF2A7F501A00B9928F /* IQKeyboardManagerSwift */,
			);
			productName = Recap;
			productReference = 17BE436C2A7CCF420072FEA7 /* Recap.app */;
			productType = "com.apple.product-type.application";
		};
/* End PBXNativeTarget section */

/* Begin PBXProject section */
		17BE43642A7CCF420072FEA7 /* Project object */ = {
			isa = PBXProject;
			attributes = {
				BuildIndependentTargetsInParallel = 1;
				LastSwiftUpdateCheck = 1430;
				LastUpgradeCheck = 1430;
				TargetAttributes = {
					17BE436B2A7CCF420072FEA7 = {
						CreatedOnToolsVersion = 14.3.1;
					};
				};
			};
			buildConfigurationList = 17BE43672A7CCF420072FEA7 /* Build configuration list for PBXProject "Recap" */;
			compatibilityVersion = "Xcode 14.0";
			developmentRegion = en;
			hasScannedForEncodings = 0;
			knownRegions = (
				en,
				Base,
			);
			mainGroup = 17BE43632A7CCF420072FEA7;
			packageReferences = (
				173B66FE2A7F501A00B9928F /* XCRemoteSwiftPackageReference "IQKeyboardManager" */,
			);
			productRefGroup = 17BE436D2A7CCF420072FEA7 /* Products */;
			projectDirPath = "";
			projectRoot = "";
			targets = (
				17BE436B2A7CCF420072FEA7 /* Recap */,
			);
		};
/* End PBXProject section */

/* Begin PBXResourcesBuildPhase section */
		17BE436A2A7CCF420072FEA7 /* Resources */ = {
			isa = PBXResourcesBuildPhase;
			buildActionMask = 2147483647;
			files = (
				17BE437C2A7CCF430072FEA7 /* LaunchScreen.storyboard in Resources */,
				17BE43792A7CCF430072FEA7 /* Assets.xcassets in Resources */,
				17BE43882A7CDDC90072FEA7 /* TamagotchiCollectionViewCell.xib in Resources */,
				17BE43A72A7D31C20072FEA7 /* SettingTableViewCell.xib in Resources */,
				17BE43772A7CCF420072FEA7 /* Main.storyboard in Resources */,
			);
			runOnlyForDeploymentPostprocessing = 0;
		};
/* End PBXResourcesBuildPhase section */

/* Begin PBXSourcesBuildPhase section */
		17BE43682A7CCF420072FEA7 /* Sources */ = {
			isa = PBXSourcesBuildPhase;
			buildActionMask = 2147483647;
			files = (
				17BE43A92A7D343E0072FEA7 /* SettingModel.swift in Sources */,
				17BE438C2A7CE37B0072FEA7 /* TamagotchiModel.swift in Sources */,
				17BE43B12A7F20550072FEA7 /* Test.swift in Sources */,
				17BE43AB2A7E08600072FEA7 /* ChangeUserNameViewController.swift in Sources */,
				17BE43942A7CEC5A0072FEA7 /* AssetSingleton.swift in Sources */,
				17BE43AD2A7E6C020072FEA7 /* SelectTamagochiMode.swift in Sources */,
				17BE43872A7CDDC90072FEA7 /* TamagotchiCollectionViewCell.swift in Sources */,
				17BE43702A7CCF420072FEA7 /* AppDelegate.swift in Sources */,
				17BE43722A7CCF420072FEA7 /* SceneDelegate.swift in Sources */,
				17BE43A32A7D30730072FEA7 /* SettingViewController.swift in Sources */,
				17DD8A8F2A80E7EA000E77AC /* PopUpViewController.swift in Sources */,
				17BE43A62A7D31C20072FEA7 /* SettingTableViewCell.swift in Sources */,
				17BE43842A7CDD2F0072FEA7 /* SelectTamagotchiViewController.swift in Sources */,
				17BE438A2A7CE2850072FEA7 /* Protocol.swift in Sources */,
				17BE439E2A7D198E0072FEA7 /* MainViewController.swift in Sources */,
			);
			runOnlyForDeploymentPostprocessing = 0;
		};
/* End PBXSourcesBuildPhase section */

/* Begin PBXTargetDependency section */
		17BE43912A7CE62A0072FEA7 /* PBXTargetDependency */ = {
			isa = PBXTargetDependency;
			productRef = 17BE43902A7CE62A0072FEA7 /* RswiftGenerateInternalResources */;
		};
/* End PBXTargetDependency section */

/* Begin PBXVariantGroup section */
		17BE43752A7CCF420072FEA7 /* Main.storyboard */ = {
			isa = PBXVariantGroup;
			children = (
				17BE43762A7CCF420072FEA7 /* Base */,
			);
			name = Main.storyboard;
			sourceTree = "<group>";
		};
		17BE437A2A7CCF430072FEA7 /* LaunchScreen.storyboard */ = {
			isa = PBXVariantGroup;
			children = (
				17BE437B2A7CCF430072FEA7 /* Base */,
			);
			name = LaunchScreen.storyboard;
			sourceTree = "<group>";
		};
/* End PBXVariantGroup section */

/* Begin XCBuildConfiguration section */
		17BE437E2A7CCF430072FEA7 /* Debug */ = {
			isa = XCBuildConfiguration;
			buildSettings = {
				ALWAYS_SEARCH_USER_PATHS = NO;
				CLANG_ANALYZER_NONNULL = YES;
				CLANG_ANALYZER_NUMBER_OBJECT_CONVERSION = YES_AGGRESSIVE;
				CLANG_CXX_LANGUAGE_STANDARD = "gnu++20";
				CLANG_ENABLE_MODULES = YES;
				CLANG_ENABLE_OBJC_ARC = YES;
				CLANG_ENABLE_OBJC_WEAK = YES;
				CLANG_WARN_BLOCK_CAPTURE_AUTORELEASING = YES;
				CLANG_WARN_BOOL_CONVERSION = YES;
				CLANG_WARN_COMMA = YES;
				CLANG_WARN_CONSTANT_CONVERSION = YES;
				CLANG_WARN_DEPRECATED_OBJC_IMPLEMENTATIONS = YES;
				CLANG_WARN_DIRECT_OBJC_ISA_USAGE = YES_ERROR;
				CLANG_WARN_DOCUMENTATION_COMMENTS = YES;
				CLANG_WARN_EMPTY_BODY = YES;
				CLANG_WARN_ENUM_CONVERSION = YES;
				CLANG_WARN_INFINITE_RECURSION = YES;
				CLANG_WARN_INT_CONVERSION = YES;
				CLANG_WARN_NON_LITERAL_NULL_CONVERSION = YES;
				CLANG_WARN_OBJC_IMPLICIT_RETAIN_SELF = YES;
				CLANG_WARN_OBJC_LITERAL_CONVERSION = YES;
				CLANG_WARN_OBJC_ROOT_CLASS = YES_ERROR;
				CLANG_WARN_QUOTED_INCLUDE_IN_FRAMEWORK_HEADER = YES;
				CLANG_WARN_RANGE_LOOP_ANALYSIS = YES;
				CLANG_WARN_STRICT_PROTOTYPES = YES;
				CLANG_WARN_SUSPICIOUS_MOVE = YES;
				CLANG_WARN_UNGUARDED_AVAILABILITY = YES_AGGRESSIVE;
				CLANG_WARN_UNREACHABLE_CODE = YES;
				CLANG_WARN__DUPLICATE_METHOD_MATCH = YES;
				COPY_PHASE_STRIP = NO;
				DEBUG_INFORMATION_FORMAT = dwarf;
				ENABLE_STRICT_OBJC_MSGSEND = YES;
				ENABLE_TESTABILITY = YES;
				GCC_C_LANGUAGE_STANDARD = gnu11;
				GCC_DYNAMIC_NO_PIC = NO;
				GCC_NO_COMMON_BLOCKS = YES;
				GCC_OPTIMIZATION_LEVEL = 0;
				GCC_PREPROCESSOR_DEFINITIONS = (
					"DEBUG=1",
					"$(inherited)",
				);
				GCC_WARN_64_TO_32_BIT_CONVERSION = YES;
				GCC_WARN_ABOUT_RETURN_TYPE = YES_ERROR;
				GCC_WARN_UNDECLARED_SELECTOR = YES;
				GCC_WARN_UNINITIALIZED_AUTOS = YES_AGGRESSIVE;
				GCC_WARN_UNUSED_FUNCTION = YES;
				GCC_WARN_UNUSED_VARIABLE = YES;
				IPHONEOS_DEPLOYMENT_TARGET = 16.4;
				MTL_ENABLE_DEBUG_INFO = INCLUDE_SOURCE;
				MTL_FAST_MATH = YES;
				ONLY_ACTIVE_ARCH = YES;
				SDKROOT = iphoneos;
				SWIFT_ACTIVE_COMPILATION_CONDITIONS = DEBUG;
				SWIFT_OPTIMIZATION_LEVEL = "-Onone";
			};
			name = Debug;
		};
		17BE437F2A7CCF430072FEA7 /* Release */ = {
			isa = XCBuildConfiguration;
			buildSettings = {
				ALWAYS_SEARCH_USER_PATHS = NO;
				CLANG_ANALYZER_NONNULL = YES;
				CLANG_ANALYZER_NUMBER_OBJECT_CONVERSION = YES_AGGRESSIVE;
				CLANG_CXX_LANGUAGE_STANDARD = "gnu++20";
				CLANG_ENABLE_MODULES = YES;
				CLANG_ENABLE_OBJC_ARC = YES;
				CLANG_ENABLE_OBJC_WEAK = YES;
				CLANG_WARN_BLOCK_CAPTURE_AUTORELEASING = YES;
				CLANG_WARN_BOOL_CONVERSION = YES;
				CLANG_WARN_COMMA = YES;
				CLANG_WARN_CONSTANT_CONVERSION = YES;
				CLANG_WARN_DEPRECATED_OBJC_IMPLEMENTATIONS = YES;
				CLANG_WARN_DIRECT_OBJC_ISA_USAGE = YES_ERROR;
				CLANG_WARN_DOCUMENTATION_COMMENTS = YES;
				CLANG_WARN_EMPTY_BODY = YES;
				CLANG_WARN_ENUM_CONVERSION = YES;
				CLANG_WARN_INFINITE_RECURSION = YES;
				CLANG_WARN_INT_CONVERSION = YES;
				CLANG_WARN_NON_LITERAL_NULL_CONVERSION = YES;
				CLANG_WARN_OBJC_IMPLICIT_RETAIN_SELF = YES;
				CLANG_WARN_OBJC_LITERAL_CONVERSION = YES;
				CLANG_WARN_OBJC_ROOT_CLASS = YES_ERROR;
				CLANG_WARN_QUOTED_INCLUDE_IN_FRAMEWORK_HEADER = YES;
				CLANG_WARN_RANGE_LOOP_ANALYSIS = YES;
				CLANG_WARN_STRICT_PROTOTYPES = YES;
				CLANG_WARN_SUSPICIOUS_MOVE = YES;
				CLANG_WARN_UNGUARDED_AVAILABILITY = YES_AGGRESSIVE;
				CLANG_WARN_UNREACHABLE_CODE = YES;
				CLANG_WARN__DUPLICATE_METHOD_MATCH = YES;
				COPY_PHASE_STRIP = NO;
				DEBUG_INFORMATION_FORMAT = "dwarf-with-dsym";
				ENABLE_NS_ASSERTIONS = NO;
				ENABLE_STRICT_OBJC_MSGSEND = YES;
				GCC_C_LANGUAGE_STANDARD = gnu11;
				GCC_NO_COMMON_BLOCKS = YES;
				GCC_WARN_64_TO_32_BIT_CONVERSION = YES;
				GCC_WARN_ABOUT_RETURN_TYPE = YES_ERROR;
				GCC_WARN_UNDECLARED_SELECTOR = YES;
				GCC_WARN_UNINITIALIZED_AUTOS = YES_AGGRESSIVE;
				GCC_WARN_UNUSED_FUNCTION = YES;
				GCC_WARN_UNUSED_VARIABLE = YES;
				IPHONEOS_DEPLOYMENT_TARGET = 16.4;
				MTL_ENABLE_DEBUG_INFO = NO;
				MTL_FAST_MATH = YES;
				SDKROOT = iphoneos;
				SWIFT_COMPILATION_MODE = wholemodule;
				SWIFT_OPTIMIZATION_LEVEL = "-O";
				VALIDATE_PRODUCT = YES;
			};
			name = Release;
		};
		17BE43812A7CCF430072FEA7 /* Debug */ = {
			isa = XCBuildConfiguration;
			buildSettings = {
				ASSETCATALOG_COMPILER_APPICON_NAME = AppIcon;
				ASSETCATALOG_COMPILER_GLOBAL_ACCENT_COLOR_NAME = AccentColor;
				CODE_SIGN_STYLE = Automatic;
				CURRENT_PROJECT_VERSION = 1;
				DEVELOPMENT_TEAM = H5BHKL6637;
				GENERATE_INFOPLIST_FILE = YES;
				INFOPLIST_FILE = Recap/Info.plist;
				INFOPLIST_KEY_UIApplicationSupportsIndirectInputEvents = YES;
				INFOPLIST_KEY_UILaunchStoryboardName = LaunchScreen;
				INFOPLIST_KEY_UIMainStoryboardFile = Main;
				INFOPLIST_KEY_UISupportedInterfaceOrientations = UIInterfaceOrientationPortrait;
				INFOPLIST_KEY_UISupportedInterfaceOrientations_iPad = "UIInterfaceOrientationLandscapeLeft UIInterfaceOrientationLandscapeRight UIInterfaceOrientationPortrait UIInterfaceOrientationPortraitUpsideDown";
				IPHONEOS_DEPLOYMENT_TARGET = 15.0;
				LD_RUNPATH_SEARCH_PATHS = (
					"$(inherited)",
					"@executable_path/Frameworks",
				);
				MARKETING_VERSION = 1.0;
				PRODUCT_BUNDLE_IDENTIFIER = com.hyeonseok.Recap;
				PRODUCT_NAME = "$(TARGET_NAME)";
				SUPPORTED_PLATFORMS = "iphoneos iphonesimulator";
				SUPPORTS_MACCATALYST = NO;
				SUPPORTS_MAC_DESIGNED_FOR_IPHONE_IPAD = NO;
				SWIFT_EMIT_LOC_STRINGS = YES;
				SWIFT_VERSION = 5.0;
				TARGETED_DEVICE_FAMILY = 1;
			};
			name = Debug;
		};
		17BE43822A7CCF430072FEA7 /* Release */ = {
			isa = XCBuildConfiguration;
			buildSettings = {
				ASSETCATALOG_COMPILER_APPICON_NAME = AppIcon;
				ASSETCATALOG_COMPILER_GLOBAL_ACCENT_COLOR_NAME = AccentColor;
				CODE_SIGN_STYLE = Automatic;
				CURRENT_PROJECT_VERSION = 1;
				DEVELOPMENT_TEAM = H5BHKL6637;
				GENERATE_INFOPLIST_FILE = YES;
				INFOPLIST_FILE = Recap/Info.plist;
				INFOPLIST_KEY_UIApplicationSupportsIndirectInputEvents = YES;
				INFOPLIST_KEY_UILaunchStoryboardName = LaunchScreen;
				INFOPLIST_KEY_UIMainStoryboardFile = Main;
				INFOPLIST_KEY_UISupportedInterfaceOrientations = UIInterfaceOrientationPortrait;
				INFOPLIST_KEY_UISupportedInterfaceOrientations_iPad = "UIInterfaceOrientationLandscapeLeft UIInterfaceOrientationLandscapeRight UIInterfaceOrientationPortrait UIInterfaceOrientationPortraitUpsideDown";
				IPHONEOS_DEPLOYMENT_TARGET = 15.0;
				LD_RUNPATH_SEARCH_PATHS = (
					"$(inherited)",
					"@executable_path/Frameworks",
				);
				MARKETING_VERSION = 1.0;
				PRODUCT_BUNDLE_IDENTIFIER = com.hyeonseok.Recap;
				PRODUCT_NAME = "$(TARGET_NAME)";
				SUPPORTED_PLATFORMS = "iphoneos iphonesimulator";
				SUPPORTS_MACCATALYST = NO;
				SUPPORTS_MAC_DESIGNED_FOR_IPHONE_IPAD = NO;
				SWIFT_EMIT_LOC_STRINGS = YES;
				SWIFT_VERSION = 5.0;
				TARGETED_DEVICE_FAMILY = 1;
			};
			name = Release;
		};
/* End XCBuildConfiguration section */

/* Begin XCConfigurationList section */
		17BE43672A7CCF420072FEA7 /* Build configuration list for PBXProject "Recap" */ = {
			isa = XCConfigurationList;
			buildConfigurations = (
				17BE437E2A7CCF430072FEA7 /* Debug */,
				17BE437F2A7CCF430072FEA7 /* Release */,
			);
			defaultConfigurationIsVisible = 0;
			defaultConfigurationName = Release;
		};
		17BE43802A7CCF430072FEA7 /* Build configuration list for PBXNativeTarget "Recap" */ = {
			isa = XCConfigurationList;
			buildConfigurations = (
				17BE43812A7CCF430072FEA7 /* Debug */,
				17BE43822A7CCF430072FEA7 /* Release */,
			);
			defaultConfigurationIsVisible = 0;
			defaultConfigurationName = Release;
		};
/* End XCConfigurationList section */

/* Begin XCRemoteSwiftPackageReference section */
		173B66FE2A7F501A00B9928F /* XCRemoteSwiftPackageReference "IQKeyboardManager" */ = {
			isa = XCRemoteSwiftPackageReference;
			repositoryURL = "https://github.com/hackiftekhar/IQKeyboardManager.git";
			requirement = {
				kind = upToNextMajorVersion;
				minimumVersion = 6.5.0;
			};
		};
/* End XCRemoteSwiftPackageReference section */

/* Begin XCSwiftPackageProductDependency section */
		173B66FF2A7F501A00B9928F /* IQKeyboardManagerSwift */ = {
			isa = XCSwiftPackageProductDependency;
			package = 173B66FE2A7F501A00B9928F /* XCRemoteSwiftPackageReference "IQKeyboardManager" */;
			productName = IQKeyboardManagerSwift;
		};
		17BE43902A7CE62A0072FEA7 /* RswiftGenerateInternalResources */ = {
			isa = XCSwiftPackageProductDependency;
			productName = "plugin:RswiftGenerateInternalResources";
		};
/* End XCSwiftPackageProductDependency section */
	};
	rootObject = 17BE43642A7CCF420072FEA7 /* Project object */;
}
